{
  "name": "home",
  "version": "1.0.0",
  "lockfileVersion": 1,
  "requires": true,
  "dependencies": {
    "@vodafone-es/reboot-dsl-mva10-shared": {
      "version": "2.4.1",
      "resolved": "https://npm.pkg.github.com/download/@vodafone-es/reboot-dsl-mva10-shared/2.4.1/25c50c35266374d6e5ed3ebc836e40eda4505a1e6e959ea127df780e23dfe913",
      "integrity": "sha512-rgeE3PRwZIpbVCtFqhVqC3hrEsmJIBpFINmtCMdJMruuTl3yDEQoHEU37ZvhibhobcCMq4u/4FxIc3ghEBxjmA=="
    }
  }
}
